{
  "name": "dragdemo",
  "version": "1.0.0",
  "lockfileVersion": 1,
  "requires": true,
  "dependencies": {
    "bootstrap": {
      "version": "4.1.0",
      "resolved": "https://registry.npmjs.org/bootstrap/-/bootstrap-4.1.0.tgz",
      "integrity": "sha512-kCo82nE8qYVfOa/Z3hL98CPgPIEkh6iPdiJrUJMQ9n9r0+6PEET7cmhLlV0XVYmEj5QtKIOaSGMLxy5jSFhKog=="
    },
    "echarts": {
      "version": "4.0.4",
      "resolved": "https://registry.npmjs.org/echarts/-/echarts-4.0.4.tgz",
      "integrity": "sha512-PDWGchRwBvMcNJbg94/thIIDgD8Jw2APtbK6K9rq1X8h6rQIdQ3IFTEvRwGS9U0zsUgJQQwXFLXIw+RJ/EH3fw==",
      "requires": {
        "zrender": "4.0.3"
      }
    },
    "gridstack": {
      "version": "0.3.0",
      "resolved": "https://registry.npmjs.org/gridstack/-/gridstack-0.3.0.tgz",
      "integrity": "sha1-vhx4kfP70q9g+dYPTH1RejDTu3g=",
      "requires": {
        "jquery": "3.3.1",
        "jquery-ui": "1.12.1",
        "lodash": "4.17.5"
      }
    },
    "jquery": {
      "version": "3.3.1",
      "resolved": "https://registry.npmjs.org/jquery/-/jquery-3.3.1.tgz",
      "integrity": "sha512-Ubldcmxp5np52/ENotGxlLe6aGMvmF4R8S6tZjsP6Knsaxd/xp3Zrh50cG93lR6nPXyUFwzN3ZSOQI0wRJNdGg=="
    },
    "jquery-ui": {
      "version": "1.12.1",
      "resolved": "https://registry.npmjs.org/jquery-ui/-/jquery-ui-1.12.1.tgz",
      "integrity": "sha1-vLQEXI3QU5wTS8FIjN0+dop6nlE="
    },
    "lodash": {
      "version": "4.17.5",
      "resolved": "https://registry.npmjs.org/lodash/-/lodash-4.17.5.tgz",
      "integrity": "sha512-svL3uiZf1RwhH+cWrfZn3A4+U58wbP0tGVTLQPbjplZxZ8ROD9VLuNgsRniTlLe7OlSqR79RUehXgpBW/s0IQw=="
    },
    "sortablejs": {
      "version": "1.7.0",
      "resolved": "https://registry.npmjs.org/sortablejs/-/sortablejs-1.7.0.tgz",
      "integrity": "sha1-gKKyNwq9Vo4c7IwnETHvMKkE+ig="
    },
    "vue": {
      "version": "2.5.16",
      "resolved": "https://registry.npmjs.org/vue/-/vue-2.5.16.tgz",
      "integrity": "sha512-/ffmsiVuPC8PsWcFkZngdpas19ABm5mh2wA7iDqcltyCTwlgZjHGeJYOXkBMo422iPwIcviOtrTCUpSfXmToLQ=="
    },
    "vuedraggable": {
      "version": "2.16.0",
      "resolved": "https://registry.npmjs.org/vuedraggable/-/vuedraggable-2.16.0.tgz",
      "integrity": "sha512-fr9gcWKXMJlzbbtJcrQs4kU7qdOZqd4SEpAcx+r0nykbW8AygZN0aKVpadEtI53T8A2azhzCdXMvEqrLuKE2fA==",
      "requires": {
        "sortablejs": "1.7.0"
      }
    },
    "zrender": {
      "version": "4.0.3",
      "resolved": "https://registry.npmjs.org/zrender/-/zrender-4.0.3.tgz",
      "integrity": "sha512-LdkntRaNogzKAwlICuS0wdZcYaeA94llQ0SWqsgbcd6SPasgkjstaoe6vr5P9Pd2ID/rlhf3UrmIuFzqOLdDuA=="
    }
  }
}
